{
  "name": "nexus",
  "version": "1.0.0",
  "lockfileVersion": 3,
  "requires": true,
  "packages": {
    "": {
      "name": "nexus",
      "version": "1.0.0",
      "license": "GPL-3.0",
      "dependencies": {
        "beam": "file:Dependencies/Beam/WebApi",
        "collections": "5.1.12"
      },
      "devDependencies": {
        "typescript": "4.5.2"
      }
    },
    "Dependencies/Beam/WebApi": {
      "name": "beam",
      "version": "1.0.0",
      "license": "GPL-3.0",
      "dependencies": {
        "collections": "5.1.12"
      },
      "devDependencies": {
        "typescript": "4.5.2"
      }
    },
    "node_modules/beam": {
      "resolved": "Dependencies/Beam/WebApi",
      "link": true
    },
    "node_modules/collections": {
      "version": "5.1.12",
      "resolved": "https://registry.npmjs.org/collections/-/collections-5.1.12.tgz",
      "integrity": "sha512-7WV0gdGlQFHjB//+/5JW4CdMnOlf7fWMMeM3EWvuao7RbK0MeFS01bZOgWmIH5DHDejSutf455QUZ56ZjjROXw==",
      "license": "BSD-3-Clause",
      "dependencies": {
        "weak-map": "~1.0.x"
      }
    },
    "node_modules/typescript": {
      "version": "4.5.2",
      "resolved": "https://registry.npmjs.org/typescript/-/typescript-4.5.2.tgz",
      "integrity": "sha512-5BlMof9H1yGt0P8/WF+wPNw6GfctgGjXp5hkblpyT+8rkASSmkUKMXrxR0Xg8ThVCi/JnHQiKXeBaEwCeQwMFw==",
      "dev": true,
      "license": "Apache-2.0",
      "bin": {
        "tsc": "bin/tsc",
        "tsserver": "bin/tsserver"
      },
      "engines": {
        "node": ">=4.2.0"
      }
    },
    "node_modules/weak-map": {
      "version": "1.0.8",
      "resolved": "https://registry.npmjs.org/weak-map/-/weak-map-1.0.8.tgz",
      "integrity": "sha512-lNR9aAefbGPpHO7AEnY0hCFjz1eTkWCXYvkTRrTHs9qv8zJp+SkVYpzfLIFXQQiG3tVvbNFQgVg2bQS8YGgxyw==",
      "license": "Apache-2.0"
    }
  }
}
